
Microsoft Visual Studio Solution File, Format Version 12.00
# Visual Studio Version 17
VisualStudioVersion = 17.0.31903.59
MinimumVisualStudioVersion = 10.0.40219.1
Project("{9A19103F-16F7-4668-BE54-9A1E7A4F7556}") = "Day00", "Day00\Day00.csproj", "{4C2B09F7-8BCF-437C-BB95-CEA21312EE46}"
EndProject
Project("{9A19103F-16F7-4668-BE54-9A1E7A4F7556}") = "Day01", "Day01\Day01.csproj", "{574F2D39-FD54-4C2E-A98A-53702A5386F1}"
EndProject
Project("{9A19103F-16F7-4668-BE54-9A1E7A4F7556}") = "Day02", "Day02\Day02.csproj", "{5B77208B-399B-47F0-863C-5FE58F227924}"
EndProject
Project("{2150E333-8FDC-42A3-9474-1A3956D46DE8}") = "Solution Items", "Solution Items", "{B59AF303-8400-497F-9302-D8C554FB0DE9}"
	ProjectSection(SolutionItems) = preProject
		.editorconfig = .editorconfig
		README.md = README.md
	EndProjectSection
EndProject
Project("{9A19103F-16F7-4668-BE54-9A1E7A4F7556}") = "Day03", "Day03\Day03.csproj", "{90DD06D2-47D4-49C1-A5CD-D52B6BE62409}"
EndProject
Project("{9A19103F-16F7-4668-BE54-9A1E7A4F7556}") = "Day04", "Day04\Day04.csproj", "{231E36C2-3C35-446D-8508-BC2F70EB98A7}"
EndProject
Project("{9A19103F-16F7-4668-BE54-9A1E7A4F7556}") = "Day05", "Day05\Day05.csproj", "{A5C5AE7D-02A7-42DA-B8D6-59E0D7C0A9FC}"
EndProject
Project("{2150E333-8FDC-42A3-9474-1A3956D46DE8}") = "Experiments", "Experiments", "{3C0AA16E-4677-4E2B-B1F2-BD5895D60CF0}"
EndProject
Project("{9A19103F-16F7-4668-BE54-9A1E7A4F7556}") = "Day06", "day06\Day06.csproj", "{E82CFC22-2650-4C73-927D-9D71FC2B4AAA}"
EndProject
Project("{9A19103F-16F7-4668-BE54-9A1E7A4F7556}") = "Day07", "day07\Day07.csproj", "{EB00C0FE-52FA-4F96-91C1-E0FD17FC4DDF}"
EndProject
Project("{2150E333-8FDC-42A3-9474-1A3956D46DE8}") = "Week01", "Week01", "{984D0019-3C3E-436A-BC04-8E4BFEA42DDE}"
EndProject
Project("{9A19103F-16F7-4668-BE54-9A1E7A4F7556}") = "Day00.Cards", "Day00.Cards\Day00.Cards.csproj", "{09899F15-E4CD-40E2-907E-172B46C3718F}"
EndProject
Project("{9A19103F-16F7-4668-BE54-9A1E7A4F7556}") = "Day08", "day08\Day08.csproj", "{30DCDC04-CC96-483A-971B-91890E142B3A}"
EndProject
Project("{2150E333-8FDC-42A3-9474-1A3956D46DE8}") = "Week02", "Week02", "{09A9D3EF-7393-4A3D-8BCB-D5F19E0B0193}"
EndProject
Project("{9A19103F-16F7-4668-BE54-9A1E7A4F7556}") = "Day00.Examples", "Day00.Examples\Day00.Examples.csproj", "{67112766-1F9C-46C6-896A-9E7272938EE2}"
EndProject
Project("{9A19103F-16F7-4668-BE54-9A1E7A4F7556}") = "Day09", "day09\Day09.csproj", "{EA4CFD7B-CD70-4923-A76A-E1426D4ECF34}"
EndProject
Project("{9A19103F-16F7-4668-BE54-9A1E7A4F7556}") = "Day10", "day10\Day10.csproj", "{05A57B83-681A-4AAE-BF03-19A62EF0E22E}"
EndProject
Project("{9A19103F-16F7-4668-BE54-9A1E7A4F7556}") = "Day11", "day11\Day11.csproj", "{F0D650B2-2ED8-40D4-A1F6-3847E249CC7D}"
EndProject
Project("{9A19103F-16F7-4668-BE54-9A1E7A4F7556}") = "Day12", "day12\Day12.csproj", "{E1A2B1D5-A97F-4D04-8B23-6B7788FCB98B}"
EndProject
Project("{FAE04EC0-301F-11D3-BF4B-00C04F79EFBC}") = "Day13", "day13\Day13.csproj", "{1A207F59-B026-496A-80C3-3F541B3DE768}"
EndProject
Project("{FAE04EC0-301F-11D3-BF4B-00C04F79EFBC}") = "Day14", "day14\Day14.csproj", "{65A9E303-A69C-46A7-9E21-8FED21B43C76}"
EndProject
Global
	GlobalSection(SolutionConfigurationPlatforms) = preSolution
		Debug|Any CPU = Debug|Any CPU
		Release|Any CPU = Release|Any CPU
	EndGlobalSection
	GlobalSection(ProjectConfigurationPlatforms) = postSolution
		{4C2B09F7-8BCF-437C-BB95-CEA21312EE46}.Debug|Any CPU.ActiveCfg = Debug|Any CPU
		{4C2B09F7-8BCF-437C-BB95-CEA21312EE46}.Debug|Any CPU.Build.0 = Debug|Any CPU
		{4C2B09F7-8BCF-437C-BB95-CEA21312EE46}.Release|Any CPU.ActiveCfg = Release|Any CPU
		{4C2B09F7-8BCF-437C-BB95-CEA21312EE46}.Release|Any CPU.Build.0 = Release|Any CPU
		{574F2D39-FD54-4C2E-A98A-53702A5386F1}.Debug|Any CPU.ActiveCfg = Debug|Any CPU
		{574F2D39-FD54-4C2E-A98A-53702A5386F1}.Debug|Any CPU.Build.0 = Debug|Any CPU
		{574F2D39-FD54-4C2E-A98A-53702A5386F1}.Release|Any CPU.ActiveCfg = Release|Any CPU
		{574F2D39-FD54-4C2E-A98A-53702A5386F1}.Release|Any CPU.Build.0 = Release|Any CPU
		{5B77208B-399B-47F0-863C-5FE58F227924}.Debug|Any CPU.ActiveCfg = Debug|Any CPU
		{5B77208B-399B-47F0-863C-5FE58F227924}.Debug|Any CPU.Build.0 = Debug|Any CPU
		{5B77208B-399B-47F0-863C-5FE58F227924}.Release|Any CPU.ActiveCfg = Release|Any CPU
		{5B77208B-399B-47F0-863C-5FE58F227924}.Release|Any CPU.Build.0 = Release|Any CPU
		{90DD06D2-47D4-49C1-A5CD-D52B6BE62409}.Debug|Any CPU.ActiveCfg = Debug|Any CPU
		{90DD06D2-47D4-49C1-A5CD-D52B6BE62409}.Debug|Any CPU.Build.0 = Debug|Any CPU
		{90DD06D2-47D4-49C1-A5CD-D52B6BE62409}.Release|Any CPU.ActiveCfg = Release|Any CPU
		{90DD06D2-47D4-49C1-A5CD-D52B6BE62409}.Release|Any CPU.Build.0 = Release|Any CPU
		{231E36C2-3C35-446D-8508-BC2F70EB98A7}.Debug|Any CPU.ActiveCfg = Debug|Any CPU
		{231E36C2-3C35-446D-8508-BC2F70EB98A7}.Debug|Any CPU.Build.0 = Debug|Any CPU
		{231E36C2-3C35-446D-8508-BC2F70EB98A7}.Release|Any CPU.ActiveCfg = Release|Any CPU
		{231E36C2-3C35-446D-8508-BC2F70EB98A7}.Release|Any CPU.Build.0 = Release|Any CPU
		{A5C5AE7D-02A7-42DA-B8D6-59E0D7C0A9FC}.Debug|Any CPU.ActiveCfg = Debug|Any CPU
		{A5C5AE7D-02A7-42DA-B8D6-59E0D7C0A9FC}.Debug|Any CPU.Build.0 = Debug|Any CPU
		{A5C5AE7D-02A7-42DA-B8D6-59E0D7C0A9FC}.Release|Any CPU.ActiveCfg = Release|Any CPU
		{A5C5AE7D-02A7-42DA-B8D6-59E0D7C0A9FC}.Release|Any CPU.Build.0 = Release|Any CPU
		{E82CFC22-2650-4C73-927D-9D71FC2B4AAA}.Debug|Any CPU.ActiveCfg = Debug|Any CPU
		{E82CFC22-2650-4C73-927D-9D71FC2B4AAA}.Debug|Any CPU.Build.0 = Debug|Any CPU
		{E82CFC22-2650-4C73-927D-9D71FC2B4AAA}.Release|Any CPU.ActiveCfg = Release|Any CPU
		{E82CFC22-2650-4C73-927D-9D71FC2B4AAA}.Release|Any CPU.Build.0 = Release|Any CPU
		{EB00C0FE-52FA-4F96-91C1-E0FD17FC4DDF}.Debug|Any CPU.ActiveCfg = Debug|Any CPU
		{EB00C0FE-52FA-4F96-91C1-E0FD17FC4DDF}.Debug|Any CPU.Build.0 = Debug|Any CPU
		{EB00C0FE-52FA-4F96-91C1-E0FD17FC4DDF}.Release|Any CPU.ActiveCfg = Release|Any CPU
		{EB00C0FE-52FA-4F96-91C1-E0FD17FC4DDF}.Release|Any CPU.Build.0 = Release|Any CPU
		{09899F15-E4CD-40E2-907E-172B46C3718F}.Debug|Any CPU.ActiveCfg = Debug|Any CPU
		{09899F15-E4CD-40E2-907E-172B46C3718F}.Debug|Any CPU.Build.0 = Debug|Any CPU
		{09899F15-E4CD-40E2-907E-172B46C3718F}.Release|Any CPU.ActiveCfg = Release|Any CPU
		{09899F15-E4CD-40E2-907E-172B46C3718F}.Release|Any CPU.Build.0 = Release|Any CPU
		{30DCDC04-CC96-483A-971B-91890E142B3A}.Debug|Any CPU.ActiveCfg = Debug|Any CPU
		{30DCDC04-CC96-483A-971B-91890E142B3A}.Debug|Any CPU.Build.0 = Debug|Any CPU
		{30DCDC04-CC96-483A-971B-91890E142B3A}.Release|Any CPU.ActiveCfg = Release|Any CPU
		{30DCDC04-CC96-483A-971B-91890E142B3A}.Release|Any CPU.Build.0 = Release|Any CPU
		{67112766-1F9C-46C6-896A-9E7272938EE2}.Debug|Any CPU.ActiveCfg = Debug|Any CPU
		{67112766-1F9C-46C6-896A-9E7272938EE2}.Debug|Any CPU.Build.0 = Debug|Any CPU
		{67112766-1F9C-46C6-896A-9E7272938EE2}.Release|Any CPU.ActiveCfg = Release|Any CPU
		{67112766-1F9C-46C6-896A-9E7272938EE2}.Release|Any CPU.Build.0 = Release|Any CPU
		{EA4CFD7B-CD70-4923-A76A-E1426D4ECF34}.Debug|Any CPU.ActiveCfg = Debug|Any CPU
		{EA4CFD7B-CD70-4923-A76A-E1426D4ECF34}.Debug|Any CPU.Build.0 = Debug|Any CPU
		{EA4CFD7B-CD70-4923-A76A-E1426D4ECF34}.Release|Any CPU.ActiveCfg = Release|Any CPU
		{EA4CFD7B-CD70-4923-A76A-E1426D4ECF34}.Release|Any CPU.Build.0 = Release|Any CPU
		{05A57B83-681A-4AAE-BF03-19A62EF0E22E}.Debug|Any CPU.ActiveCfg = Debug|Any CPU
		{05A57B83-681A-4AAE-BF03-19A62EF0E22E}.Debug|Any CPU.Build.0 = Debug|Any CPU
		{05A57B83-681A-4AAE-BF03-19A62EF0E22E}.Release|Any CPU.ActiveCfg = Release|Any CPU
		{05A57B83-681A-4AAE-BF03-19A62EF0E22E}.Release|Any CPU.Build.0 = Release|Any CPU
		{F0D650B2-2ED8-40D4-A1F6-3847E249CC7D}.Debug|Any CPU.ActiveCfg = Debug|Any CPU
		{F0D650B2-2ED8-40D4-A1F6-3847E249CC7D}.Debug|Any CPU.Build.0 = Debug|Any CPU
		{F0D650B2-2ED8-40D4-A1F6-3847E249CC7D}.Release|Any CPU.ActiveCfg = Release|Any CPU
		{F0D650B2-2ED8-40D4-A1F6-3847E249CC7D}.Release|Any CPU.Build.0 = Release|Any CPU
		{E1A2B1D5-A97F-4D04-8B23-6B7788FCB98B}.Debug|Any CPU.ActiveCfg = Debug|Any CPU
		{E1A2B1D5-A97F-4D04-8B23-6B7788FCB98B}.Debug|Any CPU.Build.0 = Debug|Any CPU
		{E1A2B1D5-A97F-4D04-8B23-6B7788FCB98B}.Release|Any CPU.ActiveCfg = Release|Any CPU
		{E1A2B1D5-A97F-4D04-8B23-6B7788FCB98B}.Release|Any CPU.Build.0 = Release|Any CPU
		{1A207F59-B026-496A-80C3-3F541B3DE768}.Debug|Any CPU.ActiveCfg = Debug|Any CPU
		{1A207F59-B026-496A-80C3-3F541B3DE768}.Debug|Any CPU.Build.0 = Debug|Any CPU
		{1A207F59-B026-496A-80C3-3F541B3DE768}.Release|Any CPU.ActiveCfg = Release|Any CPU
		{1A207F59-B026-496A-80C3-3F541B3DE768}.Release|Any CPU.Build.0 = Release|Any CPU
		{65A9E303-A69C-46A7-9E21-8FED21B43C76}.Debug|Any CPU.ActiveCfg = Debug|Any CPU
		{65A9E303-A69C-46A7-9E21-8FED21B43C76}.Debug|Any CPU.Build.0 = Debug|Any CPU
		{65A9E303-A69C-46A7-9E21-8FED21B43C76}.Release|Any CPU.ActiveCfg = Release|Any CPU
		{65A9E303-A69C-46A7-9E21-8FED21B43C76}.Release|Any CPU.Build.0 = Release|Any CPU
	EndGlobalSection
	GlobalSection(SolutionProperties) = preSolution
		HideSolutionNode = FALSE
	EndGlobalSection
	GlobalSection(NestedProjects) = preSolution
		{574F2D39-FD54-4C2E-A98A-53702A5386F1} = {984D0019-3C3E-436A-BC04-8E4BFEA42DDE}
		{5B77208B-399B-47F0-863C-5FE58F227924} = {984D0019-3C3E-436A-BC04-8E4BFEA42DDE}
		{90DD06D2-47D4-49C1-A5CD-D52B6BE62409} = {984D0019-3C3E-436A-BC04-8E4BFEA42DDE}
		{231E36C2-3C35-446D-8508-BC2F70EB98A7} = {984D0019-3C3E-436A-BC04-8E4BFEA42DDE}
		{A5C5AE7D-02A7-42DA-B8D6-59E0D7C0A9FC} = {984D0019-3C3E-436A-BC04-8E4BFEA42DDE}
		{E82CFC22-2650-4C73-927D-9D71FC2B4AAA} = {984D0019-3C3E-436A-BC04-8E4BFEA42DDE}
		{EB00C0FE-52FA-4F96-91C1-E0FD17FC4DDF} = {984D0019-3C3E-436A-BC04-8E4BFEA42DDE}
		{09899F15-E4CD-40E2-907E-172B46C3718F} = {3C0AA16E-4677-4E2B-B1F2-BD5895D60CF0}
		{30DCDC04-CC96-483A-971B-91890E142B3A} = {09A9D3EF-7393-4A3D-8BCB-D5F19E0B0193}
		{67112766-1F9C-46C6-896A-9E7272938EE2} = {3C0AA16E-4677-4E2B-B1F2-BD5895D60CF0}
		{EA4CFD7B-CD70-4923-A76A-E1426D4ECF34} = {09A9D3EF-7393-4A3D-8BCB-D5F19E0B0193}
		{05A57B83-681A-4AAE-BF03-19A62EF0E22E} = {09A9D3EF-7393-4A3D-8BCB-D5F19E0B0193}
		{F0D650B2-2ED8-40D4-A1F6-3847E249CC7D} = {09A9D3EF-7393-4A3D-8BCB-D5F19E0B0193}
		{E1A2B1D5-A97F-4D04-8B23-6B7788FCB98B} = {09A9D3EF-7393-4A3D-8BCB-D5F19E0B0193}
	EndGlobalSection
	GlobalSection(ExtensibilityGlobals) = postSolution
		SolutionGuid = {51748C4E-22AA-4A12-89ED-407D1214110D}
	EndGlobalSection
EndGlobal
