
Microsoft Visual Studio Solution File, Format Version 12.00
# Visual Studio Version 17
VisualStudioVersion = 17.0.31903.59
MinimumVisualStudioVersion = 10.0.40219.1
Project("{9A19103F-16F7-4668-BE54-9A1E7A4F7556}") = "Day00", "Day00\Day00.csproj", "{4C2B09F7-8BCF-437C-BB95-CEA21312EE46}"
EndProject
Project("{9A19103F-16F7-4668-BE54-9A1E7A4F7556}") = "Day01", "Day01\Day01.csproj", "{574F2D39-FD54-4C2E-A98A-53702A5386F1}"
EndProject
Project("{9A19103F-16F7-4668-BE54-9A1E7A4F7556}") = "Day02", "Day02\Day02.csproj", "{5B77208B-399B-47F0-863C-5FE58F227924}"
EndProject
Project("{2150E333-8FDC-42A3-9474-1A3956D46DE8}") = "Solution Items", "Solution Items", "{B59AF303-8400-497F-9302-D8C554FB0DE9}"
	ProjectSection(SolutionItems) = preProject
		README.md = README.md
	EndProjectSection
EndProject
Project("{9A19103F-16F7-4668-BE54-9A1E7A4F7556}") = "Day03", "Day03\Day03.csproj", "{90DD06D2-47D4-49C1-A5CD-D52B6BE62409}"
EndProject
Project("{9A19103F-16F7-4668-BE54-9A1E7A4F7556}") = "Day04", "Day04\Day04.csproj", "{231E36C2-3C35-446D-8508-BC2F70EB98A7}"
EndProject
Project("{9A19103F-16F7-4668-BE54-9A1E7A4F7556}") = "Day05", "Day05\Day05.csproj", "{A5C5AE7D-02A7-42DA-B8D6-59E0D7C0A9FC}"
EndProject
Project("{2150E333-8FDC-42A3-9474-1A3956D46DE8}") = "Experiments", "Experiments", "{3C0AA16E-4677-4E2B-B1F2-BD5895D60CF0}"
EndProject
Project("{9A19103F-16F7-4668-BE54-9A1E7A4F7556}") = "Day06", "day06\Day06.csproj", "{E82CFC22-2650-4C73-927D-9D71FC2B4AAA}"
EndProject
Project("{9A19103F-16F7-4668-BE54-9A1E7A4F7556}") = "Day07", "day07\Day07.csproj", "{EB00C0FE-52FA-4F96-91C1-E0FD17FC4DDF}"
EndProject
Project("{2150E333-8FDC-42A3-9474-1A3956D46DE8}") = "Week01", "Week01", "{984D0019-3C3E-436A-BC04-8E4BFEA42DDE}"
EndProject
Project("{9A19103F-16F7-4668-BE54-9A1E7A4F7556}") = "Day00.Cards", "Day00.Cards\Day00.Cards.csproj", "{09899F15-E4CD-40E2-907E-172B46C3718F}"
EndProject
Global
	GlobalSection(SolutionConfigurationPlatforms) = preSolution
		Debug|Any CPU = Debug|Any CPU
		Release|Any CPU = Release|Any CPU
	EndGlobalSection
	GlobalSection(ProjectConfigurationPlatforms) = postSolution
		{4C2B09F7-8BCF-437C-BB95-CEA21312EE46}.Debug|Any CPU.ActiveCfg = Debug|Any CPU
		{4C2B09F7-8BCF-437C-BB95-CEA21312EE46}.Debug|Any CPU.Build.0 = Debug|Any CPU
		{4C2B09F7-8BCF-437C-BB95-CEA21312EE46}.Release|Any CPU.ActiveCfg = Release|Any CPU
		{4C2B09F7-8BCF-437C-BB95-CEA21312EE46}.Release|Any CPU.Build.0 = Release|Any CPU
		{574F2D39-FD54-4C2E-A98A-53702A5386F1}.Debug|Any CPU.ActiveCfg = Debug|Any CPU
		{574F2D39-FD54-4C2E-A98A-53702A5386F1}.Debug|Any CPU.Build.0 = Debug|Any CPU
		{574F2D39-FD54-4C2E-A98A-53702A5386F1}.Release|Any CPU.ActiveCfg = Release|Any CPU
		{574F2D39-FD54-4C2E-A98A-53702A5386F1}.Release|Any CPU.Build.0 = Release|Any CPU
		{5B77208B-399B-47F0-863C-5FE58F227924}.Debug|Any CPU.ActiveCfg = Debug|Any CPU
		{5B77208B-399B-47F0-863C-5FE58F227924}.Debug|Any CPU.Build.0 = Debug|Any CPU
		{5B77208B-399B-47F0-863C-5FE58F227924}.Release|Any CPU.ActiveCfg = Release|Any CPU
		{5B77208B-399B-47F0-863C-5FE58F227924}.Release|Any CPU.Build.0 = Release|Any CPU
		{90DD06D2-47D4-49C1-A5CD-D52B6BE62409}.Debug|Any CPU.ActiveCfg = Debug|Any CPU
		{90DD06D2-47D4-49C1-A5CD-D52B6BE62409}.Debug|Any CPU.Build.0 = Debug|Any CPU
		{90DD06D2-47D4-49C1-A5CD-D52B6BE62409}.Release|Any CPU.ActiveCfg = Release|Any CPU
		{90DD06D2-47D4-49C1-A5CD-D52B6BE62409}.Release|Any CPU.Build.0 = Release|Any CPU
		{231E36C2-3C35-446D-8508-BC2F70EB98A7}.Debug|Any CPU.ActiveCfg = Debug|Any CPU
		{231E36C2-3C35-446D-8508-BC2F70EB98A7}.Debug|Any CPU.Build.0 = Debug|Any CPU
		{231E36C2-3C35-446D-8508-BC2F70EB98A7}.Release|Any CPU.ActiveCfg = Release|Any CPU
		{231E36C2-3C35-446D-8508-BC2F70EB98A7}.Release|Any CPU.Build.0 = Release|Any CPU
		{A5C5AE7D-02A7-42DA-B8D6-59E0D7C0A9FC}.Debug|Any CPU.ActiveCfg = Debug|Any CPU
		{A5C5AE7D-02A7-42DA-B8D6-59E0D7C0A9FC}.Debug|Any CPU.Build.0 = Debug|Any CPU
		{A5C5AE7D-02A7-42DA-B8D6-59E0D7C0A9FC}.Release|Any CPU.ActiveCfg = Release|Any CPU
		{A5C5AE7D-02A7-42DA-B8D6-59E0D7C0A9FC}.Release|Any CPU.Build.0 = Release|Any CPU
		{E82CFC22-2650-4C73-927D-9D71FC2B4AAA}.Debug|Any CPU.ActiveCfg = Debug|Any CPU
		{E82CFC22-2650-4C73-927D-9D71FC2B4AAA}.Debug|Any CPU.Build.0 = Debug|Any CPU
		{E82CFC22-2650-4C73-927D-9D71FC2B4AAA}.Release|Any CPU.ActiveCfg = Release|Any CPU
		{E82CFC22-2650-4C73-927D-9D71FC2B4AAA}.Release|Any CPU.Build.0 = Release|Any CPU
		{EB00C0FE-52FA-4F96-91C1-E0FD17FC4DDF}.Debug|Any CPU.ActiveCfg = Debug|Any CPU
		{EB00C0FE-52FA-4F96-91C1-E0FD17FC4DDF}.Debug|Any CPU.Build.0 = Debug|Any CPU
		{EB00C0FE-52FA-4F96-91C1-E0FD17FC4DDF}.Release|Any CPU.ActiveCfg = Release|Any CPU
		{EB00C0FE-52FA-4F96-91C1-E0FD17FC4DDF}.Release|Any CPU.Build.0 = Release|Any CPU
		{09899F15-E4CD-40E2-907E-172B46C3718F}.Debug|Any CPU.ActiveCfg = Debug|Any CPU
		{09899F15-E4CD-40E2-907E-172B46C3718F}.Debug|Any CPU.Build.0 = Debug|Any CPU
		{09899F15-E4CD-40E2-907E-172B46C3718F}.Release|Any CPU.ActiveCfg = Release|Any CPU
		{09899F15-E4CD-40E2-907E-172B46C3718F}.Release|Any CPU.Build.0 = Release|Any CPU
	EndGlobalSection
	GlobalSection(SolutionProperties) = preSolution
		HideSolutionNode = FALSE
	EndGlobalSection
	GlobalSection(NestedProjects) = preSolution
		{574F2D39-FD54-4C2E-A98A-53702A5386F1} = {984D0019-3C3E-436A-BC04-8E4BFEA42DDE}
		{5B77208B-399B-47F0-863C-5FE58F227924} = {984D0019-3C3E-436A-BC04-8E4BFEA42DDE}
		{90DD06D2-47D4-49C1-A5CD-D52B6BE62409} = {984D0019-3C3E-436A-BC04-8E4BFEA42DDE}
		{231E36C2-3C35-446D-8508-BC2F70EB98A7} = {984D0019-3C3E-436A-BC04-8E4BFEA42DDE}
		{A5C5AE7D-02A7-42DA-B8D6-59E0D7C0A9FC} = {984D0019-3C3E-436A-BC04-8E4BFEA42DDE}
		{E82CFC22-2650-4C73-927D-9D71FC2B4AAA} = {984D0019-3C3E-436A-BC04-8E4BFEA42DDE}
		{EB00C0FE-52FA-4F96-91C1-E0FD17FC4DDF} = {984D0019-3C3E-436A-BC04-8E4BFEA42DDE}
		{09899F15-E4CD-40E2-907E-172B46C3718F} = {3C0AA16E-4677-4E2B-B1F2-BD5895D60CF0}
	EndGlobalSection
	GlobalSection(ExtensibilityGlobals) = postSolution
		SolutionGuid = {51748C4E-22AA-4A12-89ED-407D1214110D}
	EndGlobalSection
EndGlobal
